
Microsoft Visual Studio Solution File, Format Version 12.00
# Visual Studio Version 17
VisualStudioVersion = 17.8.34511.84
MinimumVisualStudioVersion = 10.0.40219.1
Project("{FAE04EC0-301F-11D3-BF4B-00C04F79EFBC}") = "AJT-Script-Converter", "AJT-Script-Converter\AJT-Script-Converter.csproj", "{8983A242-4024-45E0-AF74-E089A73BB640}"
EndProject
Global
	GlobalSection(SolutionConfigurationPlatforms) = preSolution
		Debug|Any CPU = Debug|Any CPU
		Release|Any CPU = Release|Any CPU
	EndGlobalSection
	GlobalSection(ProjectConfigurationPlatforms) = postSolution
		{8983A242-4024-45E0-AF74-E089A73BB640}.Debug|Any CPU.ActiveCfg = Debug|Any CPU
		{8983A242-4024-45E0-AF74-E089A73BB640}.Debug|Any CPU.Build.0 = Debug|Any CPU
		{8983A242-4024-45E0-AF74-E089A73BB640}.Release|Any CPU.ActiveCfg = Release|Any CPU
		{8983A242-4024-45E0-AF74-E089A73BB640}.Release|Any CPU.Build.0 = Release|Any CPU
	EndGlobalSection
	GlobalSection(SolutionProperties) = preSolution
		HideSolutionNode = FALSE
	EndGlobalSection
	GlobalSection(ExtensibilityGlobals) = postSolution
		SolutionGuid = {42908BA3-63DE-4977-8189-7A7985C60755}
	EndGlobalSection
EndGlobal
